
Microsoft Visual Studio Solution File, Format Version 12.00
# Visual Studio Version 17
VisualStudioVersion = 17.1.32407.343
MinimumVisualStudioVersion = 10.0.40219.1
Project("{FAE04EC0-301F-11D3-BF4B-00C04F79EFBC}") = "ServiceHealthMonitor", "ServiceHealthMonitor\ServiceHealthMonitor.csproj", "{B7B8B7E9-D9D4-4883-9CA6-13E7E6B3078E}"
EndProject
Project("{9A19103F-16F7-4668-BE54-9A1E7A4F7556}") = "ServiceHealthMonitorCore", "ServiceHealthMonitorCore\ServiceHealthMonitorCore.csproj", "{A152FD01-4C52-4D5E-870D-DFA7382CDCAA}"
EndProject
Project("{2150E333-8FDC-42A3-9474-1A3956D46DE8}") = "Solution Items", "Solution Items", "{61FD4093-5AF7-4B58-BD7C-92FC636812F4}"
	ProjectSection(SolutionItems) = preProject
		.editorconfig = .editorconfig
	EndProjectSection
EndProject
Global
	GlobalSection(SolutionConfigurationPlatforms) = preSolution
		Debug|Any CPU = Debug|Any CPU
		Release|Any CPU = Release|Any CPU
	EndGlobalSection
	GlobalSection(ProjectConfigurationPlatforms) = postSolution
		{B7B8B7E9-D9D4-4883-9CA6-13E7E6B3078E}.Debug|Any CPU.ActiveCfg = Debug|Any CPU
		{B7B8B7E9-D9D4-4883-9CA6-13E7E6B3078E}.Debug|Any CPU.Build.0 = Debug|Any CPU
		{B7B8B7E9-D9D4-4883-9CA6-13E7E6B3078E}.Release|Any CPU.ActiveCfg = Release|Any CPU
		{B7B8B7E9-D9D4-4883-9CA6-13E7E6B3078E}.Release|Any CPU.Build.0 = Release|Any CPU
		{A152FD01-4C52-4D5E-870D-DFA7382CDCAA}.Debug|Any CPU.ActiveCfg = Debug|Any CPU
		{A152FD01-4C52-4D5E-870D-DFA7382CDCAA}.Debug|Any CPU.Build.0 = Debug|Any CPU
		{A152FD01-4C52-4D5E-870D-DFA7382CDCAA}.Release|Any CPU.ActiveCfg = Release|Any CPU
		{A152FD01-4C52-4D5E-870D-DFA7382CDCAA}.Release|Any CPU.Build.0 = Release|Any CPU
	EndGlobalSection
	GlobalSection(SolutionProperties) = preSolution
		HideSolutionNode = FALSE
	EndGlobalSection
	GlobalSection(ExtensibilityGlobals) = postSolution
		SolutionGuid = {C225B9B4-8ACF-4E0E-A3BF-7F204EBB7F76}
	EndGlobalSection
EndGlobal
